Microsoft Visual Studio Solution File, Format Version 12.00
# Visual Studio Version 17
VisualStudioVersion = 17.5.2.0
MinimumVisualStudioVersion = 10.0.40219.1
Project("{FAE04EC0-301F-11D3-BF4B-00C04F79EFBC}") = "StudentGMS", "StudentGMS.csproj", "{92345993-11F7-02AA-0061-7D9976EA0E63}"
EndProject
Global
	GlobalSection(SolutionConfigurationPlatforms) = preSolution
		Debug|Any CPU = Debug|Any CPU
		Release|Any CPU = Release|Any CPU
	EndGlobalSection
	GlobalSection(ProjectConfigurationPlatforms) = postSolution
		{92345993-11F7-02AA-0061-7D9976EA0E63}.Debug|Any CPU.ActiveCfg = Debug|Any CPU
		{92345993-11F7-02AA-0061-7D9976EA0E63}.Debug|Any CPU.Build.0 = Debug|Any CPU
		{92345993-11F7-02AA-0061-7D9976EA0E63}.Release|Any CPU.ActiveCfg = Release|Any CPU
		{92345993-11F7-02AA-0061-7D9976EA0E63}.Release|Any CPU.Build.0 = Release|Any CPU
	EndGlobalSection
	GlobalSection(SolutionProperties) = preSolution
		HideSolutionNode = FALSE
	EndGlobalSection
	GlobalSection(ExtensibilityGlobals) = postSolution
		SolutionGuid = {A3191621-4952-4BAE-9872-A066D74910F3}
	EndGlobalSection
EndGlobal
